
Microsoft Visual Studio Solution File, Format Version 12.00
# Visual Studio Version 16
VisualStudioVersion = 16.0.29728.190
MinimumVisualStudioVersion = 10.0.40219.1
Project("{FAE04EC0-301F-11D3-BF4B-00C04F79EFBC}") = "Robots Vs. Dinosaurs", "Robots Vs. Dinosaurs.csproj", "{290951FC-08A4-4539-8C61-77DE44ADD825}"
EndProject
Global
	GlobalSection(SolutionConfigurationPlatforms) = preSolution
		Debug|Any CPU = Debug|Any CPU
		Release|Any CPU = Release|Any CPU
	EndGlobalSection
	GlobalSection(ProjectConfigurationPlatforms) = postSolution
		{290951FC-08A4-4539-8C61-77DE44ADD825}.Debug|Any CPU.ActiveCfg = Debug|Any CPU
		{290951FC-08A4-4539-8C61-77DE44ADD825}.Debug|Any CPU.Build.0 = Debug|Any CPU
		{290951FC-08A4-4539-8C61-77DE44ADD825}.Release|Any CPU.ActiveCfg = Release|Any CPU
		{290951FC-08A4-4539-8C61-77DE44ADD825}.Release|Any CPU.Build.0 = Release|Any CPU
	EndGlobalSection
	GlobalSection(SolutionProperties) = preSolution
		HideSolutionNode = FALSE
	EndGlobalSection
	GlobalSection(ExtensibilityGlobals) = postSolution
		SolutionGuid = {681ED806-81A4-451C-85F6-D9AE4793C7D5}
	EndGlobalSection
EndGlobal
